
Microsoft Visual Studio Solution File, Format Version 12.00
# Visual Studio Version 16
VisualStudioVersion = 16.0.29025.244
MinimumVisualStudioVersion = 10.0.40219.1
Project("{8BC9CEB8-8B4A-11D0-8D11-00A0C91BC942}") = "divide", "divide.vcxproj", "{247972E8-4281-42D9-8B1D-6EFDE2D7F541}"
EndProject
Global
	GlobalSection(SolutionConfigurationPlatforms) = preSolution
		Debug|x64 = Debug|x64
		Debug|x86 = Debug|x86
		Release|x64 = Release|x64
		Release|x86 = Release|x86
	EndGlobalSection
	GlobalSection(ProjectConfigurationPlatforms) = postSolution
		{247972E8-4281-42D9-8B1D-6EFDE2D7F541}.Debug|x64.ActiveCfg = Debug|x64
		{247972E8-4281-42D9-8B1D-6EFDE2D7F541}.Debug|x64.Build.0 = Debug|x64
		{247972E8-4281-42D9-8B1D-6EFDE2D7F541}.Debug|x86.ActiveCfg = Debug|Win32
		{247972E8-4281-42D9-8B1D-6EFDE2D7F541}.Debug|x86.Build.0 = Debug|Win32
		{247972E8-4281-42D9-8B1D-6EFDE2D7F541}.Release|x64.ActiveCfg = Release|x64
		{247972E8-4281-42D9-8B1D-6EFDE2D7F541}.Release|x64.Build.0 = Release|x64
		{247972E8-4281-42D9-8B1D-6EFDE2D7F541}.Release|x86.ActiveCfg = Release|Win32
		{247972E8-4281-42D9-8B1D-6EFDE2D7F541}.Release|x86.Build.0 = Release|Win32
	EndGlobalSection
	GlobalSection(SolutionProperties) = preSolution
		HideSolutionNode = FALSE
	EndGlobalSection
	GlobalSection(ExtensibilityGlobals) = postSolution
		SolutionGuid = {5A824D20-8B2D-4E4E-B250-9B72D3578D8B}
	EndGlobalSection
EndGlobal
